
Microsoft Visual Studio Solution File, Format Version 12.00
# Visual Studio Version 17
VisualStudioVersion = 17.1.32319.34
MinimumVisualStudioVersion = 10.0.40219.1
Project("{FAE04EC0-301F-11D3-BF4B-00C04F79EFBC}") = "Recursividade", "Recursividade\Recursividade.csproj", "{AA470EF0-3987-4966-9014-D605FC5F1E5E}"
EndProject
Global
	GlobalSection(SolutionConfigurationPlatforms) = preSolution
		Debug|Any CPU = Debug|Any CPU
		Release|Any CPU = Release|Any CPU
	EndGlobalSection
	GlobalSection(ProjectConfigurationPlatforms) = postSolution
		{AA470EF0-3987-4966-9014-D605FC5F1E5E}.Debug|Any CPU.ActiveCfg = Debug|Any CPU
		{AA470EF0-3987-4966-9014-D605FC5F1E5E}.Debug|Any CPU.Build.0 = Debug|Any CPU
		{AA470EF0-3987-4966-9014-D605FC5F1E5E}.Release|Any CPU.ActiveCfg = Release|Any CPU
		{AA470EF0-3987-4966-9014-D605FC5F1E5E}.Release|Any CPU.Build.0 = Release|Any CPU
	EndGlobalSection
	GlobalSection(SolutionProperties) = preSolution
		HideSolutionNode = FALSE
	EndGlobalSection
	GlobalSection(ExtensibilityGlobals) = postSolution
		SolutionGuid = {F81D674A-146A-4DB7-BD19-57E2BBCE44AC}
	EndGlobalSection
EndGlobal
