
Microsoft Visual Studio Solution File, Format Version 12.00
# Visual Studio Version 17
VisualStudioVersion = 17.1.32319.34
MinimumVisualStudioVersion = 10.0.40219.1
Project("{FAE04EC0-301F-11D3-BF4B-00C04F79EFBC}") = "MetodoMain", "MetodoMain\MetodoMain.csproj", "{16FFB68B-BD34-42BA-8990-D3206E33F185}"
EndProject
Global
	GlobalSection(SolutionConfigurationPlatforms) = preSolution
		Debug|Any CPU = Debug|Any CPU
		Release|Any CPU = Release|Any CPU
	EndGlobalSection
	GlobalSection(ProjectConfigurationPlatforms) = postSolution
		{16FFB68B-BD34-42BA-8990-D3206E33F185}.Debug|Any CPU.ActiveCfg = Debug|Any CPU
		{16FFB68B-BD34-42BA-8990-D3206E33F185}.Debug|Any CPU.Build.0 = Debug|Any CPU
		{16FFB68B-BD34-42BA-8990-D3206E33F185}.Release|Any CPU.ActiveCfg = Release|Any CPU
		{16FFB68B-BD34-42BA-8990-D3206E33F185}.Release|Any CPU.Build.0 = Release|Any CPU
	EndGlobalSection
	GlobalSection(SolutionProperties) = preSolution
		HideSolutionNode = FALSE
	EndGlobalSection
	GlobalSection(ExtensibilityGlobals) = postSolution
		SolutionGuid = {2C1783BC-F8DD-4E3D-A0D1-8F37B2D6F6A6}
	EndGlobalSection
EndGlobal
