
Microsoft Visual Studio Solution File, Format Version 12.00
# Visual Studio Version 16
VisualStudioVersion = 16.0.31229.75
MinimumVisualStudioVersion = 10.0.40219.1
Project("{FAE04EC0-301F-11D3-BF4B-00C04F79EFBC}") = "InverterNomes", "InverterNomes\InverterNomes.csproj", "{AD590E78-0674-4EA9-95ED-E337B12D12A3}"
EndProject
Global
	GlobalSection(SolutionConfigurationPlatforms) = preSolution
		Debug|Any CPU = Debug|Any CPU
		Release|Any CPU = Release|Any CPU
	EndGlobalSection
	GlobalSection(ProjectConfigurationPlatforms) = postSolution
		{AD590E78-0674-4EA9-95ED-E337B12D12A3}.Debug|Any CPU.ActiveCfg = Debug|Any CPU
		{AD590E78-0674-4EA9-95ED-E337B12D12A3}.Debug|Any CPU.Build.0 = Debug|Any CPU
		{AD590E78-0674-4EA9-95ED-E337B12D12A3}.Release|Any CPU.ActiveCfg = Release|Any CPU
		{AD590E78-0674-4EA9-95ED-E337B12D12A3}.Release|Any CPU.Build.0 = Release|Any CPU
	EndGlobalSection
	GlobalSection(SolutionProperties) = preSolution
		HideSolutionNode = FALSE
	EndGlobalSection
	GlobalSection(ExtensibilityGlobals) = postSolution
		SolutionGuid = {C678A9D2-9629-4F96-BB9D-567A4684EC07}
	EndGlobalSection
EndGlobal
